
Microsoft Visual Studio Solution File, Format Version 12.00
# Visual Studio Version 17
VisualStudioVersion = 17.10.35013.160
MinimumVisualStudioVersion = 10.0.40219.1
Project("{9A19103F-16F7-4668-BE54-9A1E7A4F7556}") = "PokeGotchi", "PokeGotchi\PokeGotchi.csproj", "{B294F0EC-5996-43EF-8DD4-A838342A86C7}"
EndProject
Global
	GlobalSection(SolutionConfigurationPlatforms) = preSolution
		Debug|Any CPU = Debug|Any CPU
		Release|Any CPU = Release|Any CPU
	EndGlobalSection
	GlobalSection(ProjectConfigurationPlatforms) = postSolution
		{B294F0EC-5996-43EF-8DD4-A838342A86C7}.Debug|Any CPU.ActiveCfg = Debug|Any CPU
		{B294F0EC-5996-43EF-8DD4-A838342A86C7}.Debug|Any CPU.Build.0 = Debug|Any CPU
		{B294F0EC-5996-43EF-8DD4-A838342A86C7}.Release|Any CPU.ActiveCfg = Release|Any CPU
		{B294F0EC-5996-43EF-8DD4-A838342A86C7}.Release|Any CPU.Build.0 = Release|Any CPU
	EndGlobalSection
	GlobalSection(SolutionProperties) = preSolution
		HideSolutionNode = FALSE
	EndGlobalSection
	GlobalSection(ExtensibilityGlobals) = postSolution
		SolutionGuid = {FB69EF77-14DF-4B7D-AAED-C59BFA469E5E}
	EndGlobalSection
EndGlobal
